
Microsoft Visual Studio Solution File, Format Version 12.00
# Visual Studio Version 17
VisualStudioVersion = 17.7.34024.191
MinimumVisualStudioVersion = 10.0.40219.1
Project("{FAE04EC0-301F-11D3-BF4B-00C04F79EFBC}") = "CW3_C_Sharp_Kh_P", "CW3_C_Sharp_Kh_P\CW3_C_Sharp_Kh_P.csproj", "{11A1B660-DF10-492E-8C2C-CD33F90A333D}"
EndProject
Global
	GlobalSection(SolutionConfigurationPlatforms) = preSolution
		Debug|Any CPU = Debug|Any CPU
		Release|Any CPU = Release|Any CPU
	EndGlobalSection
	GlobalSection(ProjectConfigurationPlatforms) = postSolution
		{11A1B660-DF10-492E-8C2C-CD33F90A333D}.Debug|Any CPU.ActiveCfg = Debug|Any CPU
		{11A1B660-DF10-492E-8C2C-CD33F90A333D}.Debug|Any CPU.Build.0 = Debug|Any CPU
		{11A1B660-DF10-492E-8C2C-CD33F90A333D}.Release|Any CPU.ActiveCfg = Release|Any CPU
		{11A1B660-DF10-492E-8C2C-CD33F90A333D}.Release|Any CPU.Build.0 = Release|Any CPU
	EndGlobalSection
	GlobalSection(SolutionProperties) = preSolution
		HideSolutionNode = FALSE
	EndGlobalSection
	GlobalSection(ExtensibilityGlobals) = postSolution
		SolutionGuid = {4BA2B019-CCE8-4159-B06E-E6D57286A89D}
	EndGlobalSection
EndGlobal
